
Microsoft Visual Studio Solution File, Format Version 12.00
# Visual Studio 15
VisualStudioVersion = 15.0.27428.2002
MinimumVisualStudioVersion = 10.0.40219.1
Project("{FAE04EC0-301F-11D3-BF4B-00C04F79EFBC}") = "Shop", "Shop.csproj", "{7263304F-3174-41DA-ABAD-29A4E8E609C3}"
EndProject
Global
	GlobalSection(SolutionConfigurationPlatforms) = preSolution
		Debug|Any CPU = Debug|Any CPU
		Release|Any CPU = Release|Any CPU
	EndGlobalSection
	GlobalSection(ProjectConfigurationPlatforms) = postSolution
		{7263304F-3174-41DA-ABAD-29A4E8E609C3}.Debug|Any CPU.ActiveCfg = Debug|Any CPU
		{7263304F-3174-41DA-ABAD-29A4E8E609C3}.Debug|Any CPU.Build.0 = Debug|Any CPU
		{7263304F-3174-41DA-ABAD-29A4E8E609C3}.Release|Any CPU.ActiveCfg = Release|Any CPU
		{7263304F-3174-41DA-ABAD-29A4E8E609C3}.Release|Any CPU.Build.0 = Release|Any CPU
	EndGlobalSection
	GlobalSection(SolutionProperties) = preSolution
		HideSolutionNode = FALSE
	EndGlobalSection
	GlobalSection(ExtensibilityGlobals) = postSolution
		SolutionGuid = {1373A6B7-4701-444E-AD81-F74F6E797A40}
	EndGlobalSection
EndGlobal
